
Microsoft Visual Studio Solution File, Format Version 12.00
# Visual Studio Version 16
VisualStudioVersion = 16.0.29519.87
MinimumVisualStudioVersion = 10.0.40219.1
Project("{9A19103F-16F7-4668-BE54-9A1E7A4F7556}") = "01.PrototypePattern", "01.PrototypePattern\01.PrototypePattern.csproj", "{EDC70962-2745-40B0-9D04-B71A2A357C3F}"
EndProject
Project("{FAE04EC0-301F-11D3-BF4B-00C04F79EFBC}") = "02.CompositePattern", "02.CompositePattern\02.CompositePattern.csproj", "{281E4D89-5D85-4432-8EA0-63A521C89551}"
EndProject
Project("{FAE04EC0-301F-11D3-BF4B-00C04F79EFBC}") = "03.TemplatePattern", "03.TemplatePattern\03.TemplatePattern.csproj", "{BC6A8BEC-9B81-42E2-A9E3-92F3A74C6D37}"
EndProject
Global
	GlobalSection(SolutionConfigurationPlatforms) = preSolution
		Debug|Any CPU = Debug|Any CPU
		Release|Any CPU = Release|Any CPU
	EndGlobalSection
	GlobalSection(ProjectConfigurationPlatforms) = postSolution
		{EDC70962-2745-40B0-9D04-B71A2A357C3F}.Debug|Any CPU.ActiveCfg = Debug|Any CPU
		{EDC70962-2745-40B0-9D04-B71A2A357C3F}.Debug|Any CPU.Build.0 = Debug|Any CPU
		{EDC70962-2745-40B0-9D04-B71A2A357C3F}.Release|Any CPU.ActiveCfg = Release|Any CPU
		{EDC70962-2745-40B0-9D04-B71A2A357C3F}.Release|Any CPU.Build.0 = Release|Any CPU
		{281E4D89-5D85-4432-8EA0-63A521C89551}.Debug|Any CPU.ActiveCfg = Debug|Any CPU
		{281E4D89-5D85-4432-8EA0-63A521C89551}.Debug|Any CPU.Build.0 = Debug|Any CPU
		{281E4D89-5D85-4432-8EA0-63A521C89551}.Release|Any CPU.ActiveCfg = Release|Any CPU
		{281E4D89-5D85-4432-8EA0-63A521C89551}.Release|Any CPU.Build.0 = Release|Any CPU
		{BC6A8BEC-9B81-42E2-A9E3-92F3A74C6D37}.Debug|Any CPU.ActiveCfg = Debug|Any CPU
		{BC6A8BEC-9B81-42E2-A9E3-92F3A74C6D37}.Debug|Any CPU.Build.0 = Debug|Any CPU
		{BC6A8BEC-9B81-42E2-A9E3-92F3A74C6D37}.Release|Any CPU.ActiveCfg = Release|Any CPU
		{BC6A8BEC-9B81-42E2-A9E3-92F3A74C6D37}.Release|Any CPU.Build.0 = Release|Any CPU
	EndGlobalSection
	GlobalSection(SolutionProperties) = preSolution
		HideSolutionNode = FALSE
	EndGlobalSection
	GlobalSection(ExtensibilityGlobals) = postSolution
		SolutionGuid = {AF7DF010-CC17-4921-BCEA-2356285EBD84}
	EndGlobalSection
EndGlobal
